
Microsoft Visual Studio Solution File, Format Version 12.00
# Visual Studio 15
VisualStudioVersion = 15.0.28010.2050
MinimumVisualStudioVersion = 10.0.40219.1
Project("{888888A0-9F3D-457C-B088-3A5042F75D52}") = "Photobooth_printer_anagement", "Photobooth printer management\Photobooth_printer_anagement.pyproj", "{A624E214-08B9-416C-9231-CD8812224F0C}"
EndProject
Global
	GlobalSection(SolutionConfigurationPlatforms) = preSolution
		Debug|Any CPU = Debug|Any CPU
		Release|Any CPU = Release|Any CPU
	EndGlobalSection
	GlobalSection(ProjectConfigurationPlatforms) = postSolution
		{A624E214-08B9-416C-9231-CD8812224F0C}.Debug|Any CPU.ActiveCfg = Debug|Any CPU
		{A624E214-08B9-416C-9231-CD8812224F0C}.Release|Any CPU.ActiveCfg = Release|Any CPU
	EndGlobalSection
	GlobalSection(SolutionProperties) = preSolution
		HideSolutionNode = FALSE
	EndGlobalSection
	GlobalSection(ExtensibilityGlobals) = postSolution
		SolutionGuid = {A8E73529-8FC2-42FB-824B-C1F9723622AB}
	EndGlobalSection
EndGlobal
